PODS:
  - NLBirthDateValidator (0.1.1)

DEPENDENCIES:
  - NLBirthDateValidator (from `../`)

EXTERNAL SOURCES:
  NLBirthDateValidator:
    :path: "../"

SPEC CHECKSUMS:
  NLBirthDateValidator: 8960ccb470496acb50a7e0cefb3e76cf8fcb62cc

PODFILE CHECKSUM: 909bbfde68a93f8a6a2ade71fffda15b03028afd

COCOAPODS: 1.0.1
